
Microsoft Visual Studio Solution File, Format Version 12.00
# Visual Studio 15
VisualStudioVersion = 15.0.27004.2009
MinimumVisualStudioVersion = 10.0.40219.1
Project("{FAE04EC0-301F-11D3-BF4B-00C04F79EFBC}") = "XF.Android", "XF\XF.Android\XF.Android.csproj", "{AD9F08AA-47BC-4DCF-A001-C9FF525F2890}"
EndProject
Project("{FAE04EC0-301F-11D3-BF4B-00C04F79EFBC}") = "XF", "XF\XF\XF.csproj", "{B26078BD-15DD-41AC-A081-7FAA8BD8878B}"
EndProject
Project("{FAE04EC0-301F-11D3-BF4B-00C04F79EFBC}") = "XF.UWP", "XF\XF.UWP\XF.UWP.csproj", "{140163EE-1A6E-42AA-94C5-884CDC7728A5}"
EndProject
Project("{FAE04EC0-301F-11D3-BF4B-00C04F79EFBC}") = "XF.iOS", "XF\XF.iOS\XF.iOS.csproj", "{BD6AC62C-8523-4D6E-A776-9568F0650E3D}"
EndProject
Project("{FAE04EC0-301F-11D3-BF4B-00C04F79EFBC}") = "MovieSearch", "..\MovieSearch\HelloWorld\HelloWorld\MovieSearch.csproj", "{6FE738D2-251F-4785-90A6-FEDA8EB31BFD}"
EndProject
Global
	GlobalSection(SolutionConfigurationPlatforms) = preSolution
		Ad-Hoc|Any CPU = Ad-Hoc|Any CPU
		Ad-Hoc|ARM = Ad-Hoc|ARM
		Ad-Hoc|iPhone = Ad-Hoc|iPhone
		Ad-Hoc|iPhoneSimulator = Ad-Hoc|iPhoneSimulator
		Ad-Hoc|x64 = Ad-Hoc|x64
		Ad-Hoc|x86 = Ad-Hoc|x86
		AppStore|Any CPU = AppStore|Any CPU
		AppStore|ARM = AppStore|ARM
		AppStore|iPhone = AppStore|iPhone
		AppStore|iPhoneSimulator = AppStore|iPhoneSimulator
		AppStore|x64 = AppStore|x64
		AppStore|x86 = AppStore|x86
		Debug|Any CPU = Debug|Any CPU
		Debug|ARM = Debug|ARM
		Debug|iPhone = Debug|iPhone
		Debug|iPhoneSimulator = Debug|iPhoneSimulator
		Debug|x64 = Debug|x64
		Debug|x86 = Debug|x86
		Release|Any CPU = Release|Any CPU
		Release|ARM = Release|ARM
		Release|iPhone = Release|iPhone
		Release|iPhoneSimulator = Release|iPhoneSimulator
		Release|x64 = Release|x64
		Release|x86 = Release|x86
	EndGlobalSection
	GlobalSection(ProjectConfigurationPlatforms) = postSolution
		{AD9F08AA-47BC-4DCF-A001-C9FF525F2890}.Ad-Hoc|Any CPU.ActiveCfg = Release|Any CPU
		{AD9F08AA-47BC-4DCF-A001-C9FF525F2890}.Ad-Hoc|Any CPU.Build.0 = Release|Any CPU
		{AD9F08AA-47BC-4DCF-A001-C9FF525F2890}.Ad-Hoc|Any CPU.Deploy.0 = Release|Any CPU
		{AD9F08AA-47BC-4DCF-A001-C9FF525F2890}.Ad-Hoc|ARM.ActiveCfg = Release|Any CPU
		{AD9F08AA-47BC-4DCF-A001-C9FF525F2890}.Ad-Hoc|ARM.Build.0 = Release|Any CPU
		{AD9F08AA-47BC-4DCF-A001-C9FF525F2890}.Ad-Hoc|ARM.Deploy.0 = Release|Any CPU
		{AD9F08AA-47BC-4DCF-A001-C9FF525F2890}.Ad-Hoc|iPhone.ActiveCfg = Release|Any CPU
		{AD9F08AA-47BC-4DCF-A001-C9FF525F2890}.Ad-Hoc|iPhone.Build.0 = Release|Any CPU
		{AD9F08AA-47BC-4DCF-A001-C9FF525F2890}.Ad-Hoc|iPhone.Deploy.0 = Release|Any CPU
		{AD9F08AA-47BC-4DCF-A001-C9FF525F2890}.Ad-Hoc|iPhoneSimulator.ActiveCfg = Release|Any CPU
		{AD9F08AA-47BC-4DCF-A001-C9FF525F2890}.Ad-Hoc|iPhoneSimulator.Build.0 = Release|Any CPU
		{AD9F08AA-47BC-4DCF-A001-C9FF525F2890}.Ad-Hoc|iPhoneSimulator.Deploy.0 = Release|Any CPU
		{AD9F08AA-47BC-4DCF-A001-C9FF525F2890}.Ad-Hoc|x64.ActiveCfg = Release|Any CPU
		{AD9F08AA-47BC-4DCF-A001-C9FF525F2890}.Ad-Hoc|x64.Build.0 = Release|Any CPU
		{AD9F08AA-47BC-4DCF-A001-C9FF525F2890}.Ad-Hoc|x64.Deploy.0 = Release|Any CPU
		{AD9F08AA-47BC-4DCF-A001-C9FF525F2890}.Ad-Hoc|x86.ActiveCfg = Release|Any CPU
		{AD9F08AA-47BC-4DCF-A001-C9FF525F2890}.Ad-Hoc|x86.Build.0 = Release|Any CPU
		{AD9F08AA-47BC-4DCF-A001-C9FF525F2890}.Ad-Hoc|x86.Deploy.0 = Release|Any CPU
		{AD9F08AA-47BC-4DCF-A001-C9FF525F2890}.AppStore|Any CPU.ActiveCfg = Release|Any CPU
		{AD9F08AA-47BC-4DCF-A001-C9FF525F2890}.AppStore|Any CPU.Build.0 = Release|Any CPU
		{AD9F08AA-47BC-4DCF-A001-C9FF525F2890}.AppStore|Any CPU.Deploy.0 = Release|Any CPU
		{AD9F08AA-47BC-4DCF-A001-C9FF525F2890}.AppStore|ARM.ActiveCfg = Release|Any CPU
		{AD9F08AA-47BC-4DCF-A001-C9FF525F2890}.AppStore|ARM.Build.0 = Release|Any CPU
		{AD9F08AA-47BC-4DCF-A001-C9FF525F2890}.AppStore|ARM.Deploy.0 = Release|Any CPU
		{AD9F08AA-47BC-4DCF-A001-C9FF525F2890}.AppStore|iPhone.ActiveCfg = Release|Any CPU
		{AD9F08AA-47BC-4DCF-A001-C9FF525F2890}.AppStore|iPhone.Build.0 = Release|Any CPU
		{AD9F08AA-47BC-4DCF-A001-C9FF525F2890}.AppStore|iPhone.Deploy.0 = Release|Any CPU
		{AD9F08AA-47BC-4DCF-A001-C9FF525F2890}.AppStore|iPhoneSimulator.ActiveCfg = Release|Any CPU
		{AD9F08AA-47BC-4DCF-A001-C9FF525F2890}.AppStore|iPhoneSimulator.Build.0 = Release|Any CPU
		{AD9F08AA-47BC-4DCF-A001-C9FF525F2890}.AppStore|iPhoneSimulator.Deploy.0 = Release|Any CPU
		{AD9F08AA-47BC-4DCF-A001-C9FF525F2890}.AppStore|x64.ActiveCfg = Release|Any CPU
		{AD9F08AA-47BC-4DCF-A001-C9FF525F2890}.AppStore|x64.Build.0 = Release|Any CPU
		{AD9F08AA-47BC-4DCF-A001-C9FF525F2890}.AppStore|x64.Deploy.0 = Release|Any CPU
		{AD9F08AA-47BC-4DCF-A001-C9FF525F2890}.AppStore|x86.ActiveCfg = Release|Any CPU
		{AD9F08AA-47BC-4DCF-A001-C9FF525F2890}.AppStore|x86.Build.0 = Release|Any CPU
		{AD9F08AA-47BC-4DCF-A001-C9FF525F2890}.AppStore|x86.Deploy.0 = Release|Any CPU
		{AD9F08AA-47BC-4DCF-A001-C9FF525F2890}.Debug|Any CPU.ActiveCfg = Debug|Any CPU
		{AD9F08AA-47BC-4DCF-A001-C9FF525F2890}.Debug|Any CPU.Build.0 = Debug|Any CPU
		{AD9F08AA-47BC-4DCF-A001-C9FF525F2890}.Debug|Any CPU.Deploy.0 = Debug|Any CPU
		{AD9F08AA-47BC-4DCF-A001-C9FF525F2890}.Debug|ARM.ActiveCfg = Debug|Any CPU
		{AD9F08AA-47BC-4DCF-A001-C9FF525F2890}.Debug|ARM.Build.0 = Debug|Any CPU
		{AD9F08AA-47BC-4DCF-A001-C9FF525F2890}.Debug|ARM.Deploy.0 = Debug|Any CPU
		{AD9F08AA-47BC-4DCF-A001-C9FF525F2890}.Debug|iPhone.ActiveCfg = Debug|Any CPU
		{AD9F08AA-47BC-4DCF-A001-C9FF525F2890}.Debug|iPhone.Build.0 = Debug|Any CPU
		{AD9F08AA-47BC-4DCF-A001-C9FF525F2890}.Debug|iPhone.Deploy.0 = Debug|Any CPU
		{AD9F08AA-47BC-4DCF-A001-C9FF525F2890}.Debug|iPhoneSimulator.ActiveCfg = Debug|Any CPU
		{AD9F08AA-47BC-4DCF-A001-C9FF525F2890}.Debug|iPhoneSimulator.Build.0 = Debug|Any CPU
		{AD9F08AA-47BC-4DCF-A001-C9FF525F2890}.Debug|iPhoneSimulator.Deploy.0 = Debug|Any CPU
		{AD9F08AA-47BC-4DCF-A001-C9FF525F2890}.Debug|x64.ActiveCfg = Debug|Any CPU
		{AD9F08AA-47BC-4DCF-A001-C9FF525F2890}.Debug|x64.Build.0 = Debug|Any CPU
		{AD9F08AA-47BC-4DCF-A001-C9FF525F2890}.Debug|x64.Deploy.0 = Debug|Any CPU
		{AD9F08AA-47BC-4DCF-A001-C9FF525F2890}.Debug|x86.ActiveCfg = Debug|Any CPU
		{AD9F08AA-47BC-4DCF-A001-C9FF525F2890}.Debug|x86.Build.0 = Debug|Any CPU
		{AD9F08AA-47BC-4DCF-A001-C9FF525F2890}.Debug|x86.Deploy.0 = Debug|Any CPU
		{AD9F08AA-47BC-4DCF-A001-C9FF525F2890}.Release|Any CPU.ActiveCfg = Release|Any CPU
		{AD9F08AA-47BC-4DCF-A001-C9FF525F2890}.Release|Any CPU.Build.0 = Release|Any CPU
		{AD9F08AA-47BC-4DCF-A001-C9FF525F2890}.Release|Any CPU.Deploy.0 = Release|Any CPU
		{AD9F08AA-47BC-4DCF-A001-C9FF525F2890}.Release|ARM.ActiveCfg = Release|Any CPU
		{AD9F08AA-47BC-4DCF-A001-C9FF525F2890}.Release|ARM.Build.0 = Release|Any CPU
		{AD9F08AA-47BC-4DCF-A001-C9FF525F2890}.Release|ARM.Deploy.0 = Release|Any CPU
		{AD9F08AA-47BC-4DCF-A001-C9FF525F2890}.Release|iPhone.ActiveCfg = Release|Any CPU
		{AD9F08AA-47BC-4DCF-A001-C9FF525F2890}.Release|iPhone.Build.0 = Release|Any CPU
		{AD9F08AA-47BC-4DCF-A001-C9FF525F2890}.Release|iPhone.Deploy.0 = Release|Any CPU
		{AD9F08AA-47BC-4DCF-A001-C9FF525F2890}.Release|iPhoneSimulator.ActiveCfg = Release|Any CPU
		{AD9F08AA-47BC-4DCF-A001-C9FF525F2890}.Release|iPhoneSimulator.Build.0 = Release|Any CPU
		{AD9F08AA-47BC-4DCF-A001-C9FF525F2890}.Release|iPhoneSimulator.Deploy.0 = Release|Any CPU
		{AD9F08AA-47BC-4DCF-A001-C9FF525F2890}.Release|x64.ActiveCfg = Release|Any CPU
		{AD9F08AA-47BC-4DCF-A001-C9FF525F2890}.Release|x64.Build.0 = Release|Any CPU
		{AD9F08AA-47BC-4DCF-A001-C9FF525F2890}.Release|x64.Deploy.0 = Release|Any CPU
		{AD9F08AA-47BC-4DCF-A001-C9FF525F2890}.Release|x86.ActiveCfg = Release|Any CPU
		{AD9F08AA-47BC-4DCF-A001-C9FF525F2890}.Release|x86.Build.0 = Release|Any CPU
		{AD9F08AA-47BC-4DCF-A001-C9FF525F2890}.Release|x86.Deploy.0 = Release|Any CPU
		{B26078BD-15DD-41AC-A081-7FAA8BD8878B}.Ad-Hoc|Any CPU.ActiveCfg = Release|Any CPU
		{B26078BD-15DD-41AC-A081-7FAA8BD8878B}.Ad-Hoc|Any CPU.Build.0 = Release|Any CPU
		{B26078BD-15DD-41AC-A081-7FAA8BD8878B}.Ad-Hoc|ARM.ActiveCfg = Release|Any CPU
		{B26078BD-15DD-41AC-A081-7FAA8BD8878B}.Ad-Hoc|ARM.Build.0 = Release|Any CPU
		{B26078BD-15DD-41AC-A081-7FAA8BD8878B}.Ad-Hoc|iPhone.ActiveCfg = Release|Any CPU
		{B26078BD-15DD-41AC-A081-7FAA8BD8878B}.Ad-Hoc|iPhone.Build.0 = Release|Any CPU
		{B26078BD-15DD-41AC-A081-7FAA8BD8878B}.Ad-Hoc|iPhoneSimulator.ActiveCfg = Release|Any CPU
		{B26078BD-15DD-41AC-A081-7FAA8BD8878B}.Ad-Hoc|iPhoneSimulator.Build.0 = Release|Any CPU
		{B26078BD-15DD-41AC-A081-7FAA8BD8878B}.Ad-Hoc|x64.ActiveCfg = Release|Any CPU
		{B26078BD-15DD-41AC-A081-7FAA8BD8878B}.Ad-Hoc|x64.Build.0 = Release|Any CPU
		{B26078BD-15DD-41AC-A081-7FAA8BD8878B}.Ad-Hoc|x86.ActiveCfg = Release|Any CPU
		{B26078BD-15DD-41AC-A081-7FAA8BD8878B}.Ad-Hoc|x86.Build.0 = Release|Any CPU
		{B26078BD-15DD-41AC-A081-7FAA8BD8878B}.AppStore|Any CPU.ActiveCfg = Release|Any CPU
		{B26078BD-15DD-41AC-A081-7FAA8BD8878B}.AppStore|Any CPU.Build.0 = Release|Any CPU
		{B26078BD-15DD-41AC-A081-7FAA8BD8878B}.AppStore|ARM.ActiveCfg = Release|Any CPU
		{B26078BD-15DD-41AC-A081-7FAA8BD8878B}.AppStore|ARM.Build.0 = Release|Any CPU
		{B26078BD-15DD-41AC-A081-7FAA8BD8878B}.AppStore|iPhone.ActiveCfg = Release|Any CPU
		{B26078BD-15DD-41AC-A081-7FAA8BD8878B}.AppStore|iPhone.Build.0 = Release|Any CPU
		{B26078BD-15DD-41AC-A081-7FAA8BD8878B}.AppStore|iPhoneSimulator.ActiveCfg = Release|Any CPU
		{B26078BD-15DD-41AC-A081-7FAA8BD8878B}.AppStore|iPhoneSimulator.Build.0 = Release|Any CPU
		{B26078BD-15DD-41AC-A081-7FAA8BD8878B}.AppStore|x64.ActiveCfg = Release|Any CPU
		{B26078BD-15DD-41AC-A081-7FAA8BD8878B}.AppStore|x64.Build.0 = Release|Any CPU
		{B26078BD-15DD-41AC-A081-7FAA8BD8878B}.AppStore|x86.ActiveCfg = Release|Any CPU
		{B26078BD-15DD-41AC-A081-7FAA8BD8878B}.AppStore|x86.Build.0 = Release|Any CPU
		{B26078BD-15DD-41AC-A081-7FAA8BD8878B}.Debug|Any CPU.ActiveCfg = Debug|Any CPU
		{B26078BD-15DD-41AC-A081-7FAA8BD8878B}.Debug|Any CPU.Build.0 = Debug|Any CPU
		{B26078BD-15DD-41AC-A081-7FAA8BD8878B}.Debug|ARM.ActiveCfg = Debug|Any CPU
		{B26078BD-15DD-41AC-A081-7FAA8BD8878B}.Debug|ARM.Build.0 = Debug|Any CPU
		{B26078BD-15DD-41AC-A081-7FAA8BD8878B}.Debug|iPhone.ActiveCfg = Debug|Any CPU
		{B26078BD-15DD-41AC-A081-7FAA8BD8878B}.Debug|iPhone.Build.0 = Debug|Any CPU
		{B26078BD-15DD-41AC-A081-7FAA8BD8878B}.Debug|iPhoneSimulator.ActiveCfg = Debug|Any CPU
		{B26078BD-15DD-41AC-A081-7FAA8BD8878B}.Debug|iPhoneSimulator.Build.0 = Debug|Any CPU
		{B26078BD-15DD-41AC-A081-7FAA8BD8878B}.Debug|x64.ActiveCfg = Debug|Any CPU
		{B26078BD-15DD-41AC-A081-7FAA8BD8878B}.Debug|x64.Build.0 = Debug|Any CPU
		{B26078BD-15DD-41AC-A081-7FAA8BD8878B}.Debug|x86.ActiveCfg = Debug|Any CPU
		{B26078BD-15DD-41AC-A081-7FAA8BD8878B}.Debug|x86.Build.0 = Debug|Any CPU
		{B26078BD-15DD-41AC-A081-7FAA8BD8878B}.Release|Any CPU.ActiveCfg = Release|Any CPU
		{B26078BD-15DD-41AC-A081-7FAA8BD8878B}.Release|Any CPU.Build.0 = Release|Any CPU
		{B26078BD-15DD-41AC-A081-7FAA8BD8878B}.Release|ARM.ActiveCfg = Release|Any CPU
		{B26078BD-15DD-41AC-A081-7FAA8BD8878B}.Release|ARM.Build.0 = Release|Any CPU
		{B26078BD-15DD-41AC-A081-7FAA8BD8878B}.Release|iPhone.ActiveCfg = Release|Any CPU
		{B26078BD-15DD-41AC-A081-7FAA8BD8878B}.Release|iPhone.Build.0 = Release|Any CPU
		{B26078BD-15DD-41AC-A081-7FAA8BD8878B}.Release|iPhoneSimulator.ActiveCfg = Release|Any CPU
		{B26078BD-15DD-41AC-A081-7FAA8BD8878B}.Release|iPhoneSimulator.Build.0 = Release|Any CPU
		{B26078BD-15DD-41AC-A081-7FAA8BD8878B}.Release|x64.ActiveCfg = Release|Any CPU
		{B26078BD-15DD-41AC-A081-7FAA8BD8878B}.Release|x64.Build.0 = Release|Any CPU
		{B26078BD-15DD-41AC-A081-7FAA8BD8878B}.Release|x86.ActiveCfg = Release|Any CPU
		{B26078BD-15DD-41AC-A081-7FAA8BD8878B}.Release|x86.Build.0 = Release|Any CPU
		{140163EE-1A6E-42AA-94C5-884CDC7728A5}.Ad-Hoc|Any CPU.ActiveCfg = Release|x86
		{140163EE-1A6E-42AA-94C5-884CDC7728A5}.Ad-Hoc|Any CPU.Build.0 = Release|x86
		{140163EE-1A6E-42AA-94C5-884CDC7728A5}.Ad-Hoc|Any CPU.Deploy.0 = Release|x86
		{140163EE-1A6E-42AA-94C5-884CDC7728A5}.Ad-Hoc|ARM.ActiveCfg = Release|ARM
		{140163EE-1A6E-42AA-94C5-884CDC7728A5}.Ad-Hoc|ARM.Build.0 = Release|ARM
		{140163EE-1A6E-42AA-94C5-884CDC7728A5}.Ad-Hoc|ARM.Deploy.0 = Release|ARM
		{140163EE-1A6E-42AA-94C5-884CDC7728A5}.Ad-Hoc|iPhone.ActiveCfg = Release|x86
		{140163EE-1A6E-42AA-94C5-884CDC7728A5}.Ad-Hoc|iPhone.Build.0 = Release|x86
		{140163EE-1A6E-42AA-94C5-884CDC7728A5}.Ad-Hoc|iPhone.Deploy.0 = Release|x86
		{140163EE-1A6E-42AA-94C5-884CDC7728A5}.Ad-Hoc|iPhoneSimulator.ActiveCfg = Release|x86
		{140163EE-1A6E-42AA-94C5-884CDC7728A5}.Ad-Hoc|iPhoneSimulator.Build.0 = Release|x86
		{140163EE-1A6E-42AA-94C5-884CDC7728A5}.Ad-Hoc|iPhoneSimulator.Deploy.0 = Release|x86
		{140163EE-1A6E-42AA-94C5-884CDC7728A5}.Ad-Hoc|x64.ActiveCfg = Release|x64
		{140163EE-1A6E-42AA-94C5-884CDC7728A5}.Ad-Hoc|x64.Build.0 = Release|x64
		{140163EE-1A6E-42AA-94C5-884CDC7728A5}.Ad-Hoc|x64.Deploy.0 = Release|x64
		{140163EE-1A6E-42AA-94C5-884CDC7728A5}.Ad-Hoc|x86.ActiveCfg = Release|x86
		{140163EE-1A6E-42AA-94C5-884CDC7728A5}.Ad-Hoc|x86.Build.0 = Release|x86
		{140163EE-1A6E-42AA-94C5-884CDC7728A5}.Ad-Hoc|x86.Deploy.0 = Release|x86
		{140163EE-1A6E-42AA-94C5-884CDC7728A5}.AppStore|Any CPU.ActiveCfg = Release|x86
		{140163EE-1A6E-42AA-94C5-884CDC7728A5}.AppStore|Any CPU.Build.0 = Release|x86
		{140163EE-1A6E-42AA-94C5-884CDC7728A5}.AppStore|Any CPU.Deploy.0 = Release|x86
		{140163EE-1A6E-42AA-94C5-884CDC7728A5}.AppStore|ARM.ActiveCfg = Release|ARM
		{140163EE-1A6E-42AA-94C5-884CDC7728A5}.AppStore|ARM.Build.0 = Release|ARM
		{140163EE-1A6E-42AA-94C5-884CDC7728A5}.AppStore|ARM.Deploy.0 = Release|ARM
		{140163EE-1A6E-42AA-94C5-884CDC7728A5}.AppStore|iPhone.ActiveCfg = Release|x86
		{140163EE-1A6E-42AA-94C5-884CDC7728A5}.AppStore|iPhone.Build.0 = Release|x86
		{140163EE-1A6E-42AA-94C5-884CDC7728A5}.AppStore|iPhone.Deploy.0 = Release|x86
		{140163EE-1A6E-42AA-94C5-884CDC7728A5}.AppStore|iPhoneSimulator.ActiveCfg = Release|x86
		{140163EE-1A6E-42AA-94C5-884CDC7728A5}.AppStore|iPhoneSimulator.Build.0 = Release|x86
		{140163EE-1A6E-42AA-94C5-884CDC7728A5}.AppStore|iPhoneSimulator.Deploy.0 = Release|x86
		{140163EE-1A6E-42AA-94C5-884CDC7728A5}.AppStore|x64.ActiveCfg = Release|x64
		{140163EE-1A6E-42AA-94C5-884CDC7728A5}.AppStore|x64.Build.0 = Release|x64
		{140163EE-1A6E-42AA-94C5-884CDC7728A5}.AppStore|x64.Deploy.0 = Release|x64
		{140163EE-1A6E-42AA-94C5-884CDC7728A5}.AppStore|x86.ActiveCfg = Release|x86
		{140163EE-1A6E-42AA-94C5-884CDC7728A5}.AppStore|x86.Build.0 = Release|x86
		{140163EE-1A6E-42AA-94C5-884CDC7728A5}.AppStore|x86.Deploy.0 = Release|x86
		{140163EE-1A6E-42AA-94C5-884CDC7728A5}.Debug|Any CPU.ActiveCfg = Debug|x86
		{140163EE-1A6E-42AA-94C5-884CDC7728A5}.Debug|ARM.ActiveCfg = Debug|ARM
		{140163EE-1A6E-42AA-94C5-884CDC7728A5}.Debug|ARM.Build.0 = Debug|ARM
		{140163EE-1A6E-42AA-94C5-884CDC7728A5}.Debug|ARM.Deploy.0 = Debug|ARM
		{140163EE-1A6E-42AA-94C5-884CDC7728A5}.Debug|iPhone.ActiveCfg = Debug|x86
		{140163EE-1A6E-42AA-94C5-884CDC7728A5}.Debug|iPhoneSimulator.ActiveCfg = Debug|x86
		{140163EE-1A6E-42AA-94C5-884CDC7728A5}.Debug|x64.ActiveCfg = Debug|x64
		{140163EE-1A6E-42AA-94C5-884CDC7728A5}.Debug|x64.Build.0 = Debug|x64
		{140163EE-1A6E-42AA-94C5-884CDC7728A5}.Debug|x64.Deploy.0 = Debug|x64
		{140163EE-1A6E-42AA-94C5-884CDC7728A5}.Debug|x86.ActiveCfg = Debug|x86
		{140163EE-1A6E-42AA-94C5-884CDC7728A5}.Debug|x86.Build.0 = Debug|x86
		{140163EE-1A6E-42AA-94C5-884CDC7728A5}.Debug|x86.Deploy.0 = Debug|x86
		{140163EE-1A6E-42AA-94C5-884CDC7728A5}.Release|Any CPU.ActiveCfg = Release|x86
		{140163EE-1A6E-42AA-94C5-884CDC7728A5}.Release|ARM.ActiveCfg = Release|ARM
		{140163EE-1A6E-42AA-94C5-884CDC7728A5}.Release|ARM.Build.0 = Release|ARM
		{140163EE-1A6E-42AA-94C5-884CDC7728A5}.Release|ARM.Deploy.0 = Release|ARM
		{140163EE-1A6E-42AA-94C5-884CDC7728A5}.Release|iPhone.ActiveCfg = Release|x86
		{140163EE-1A6E-42AA-94C5-884CDC7728A5}.Release|iPhoneSimulator.ActiveCfg = Release|x86
		{140163EE-1A6E-42AA-94C5-884CDC7728A5}.Release|x64.ActiveCfg = Release|x64
		{140163EE-1A6E-42AA-94C5-884CDC7728A5}.Release|x64.Build.0 = Release|x64
		{140163EE-1A6E-42AA-94C5-884CDC7728A5}.Release|x64.Deploy.0 = Release|x64
		{140163EE-1A6E-42AA-94C5-884CDC7728A5}.Release|x86.ActiveCfg = Release|x86
		{140163EE-1A6E-42AA-94C5-884CDC7728A5}.Release|x86.Build.0 = Release|x86
		{140163EE-1A6E-42AA-94C5-884CDC7728A5}.Release|x86.Deploy.0 = Release|x86
		{BD6AC62C-8523-4D6E-A776-9568F0650E3D}.Ad-Hoc|Any CPU.ActiveCfg = Ad-Hoc|iPhoneSimulator
		{BD6AC62C-8523-4D6E-A776-9568F0650E3D}.Ad-Hoc|ARM.ActiveCfg = Ad-Hoc|iPhone
		{BD6AC62C-8523-4D6E-A776-9568F0650E3D}.Ad-Hoc|iPhone.ActiveCfg = Ad-Hoc|iPhone
		{BD6AC62C-8523-4D6E-A776-9568F0650E3D}.Ad-Hoc|iPhone.Build.0 = Ad-Hoc|iPhone
		{BD6AC62C-8523-4D6E-A776-9568F0650E3D}.Ad-Hoc|iPhoneSimulator.ActiveCfg = Ad-Hoc|iPhoneSimulator
		{BD6AC62C-8523-4D6E-A776-9568F0650E3D}.Ad-Hoc|iPhoneSimulator.Build.0 = Ad-Hoc|iPhoneSimulator
		{BD6AC62C-8523-4D6E-A776-9568F0650E3D}.Ad-Hoc|x64.ActiveCfg = Ad-Hoc|iPhone
		{BD6AC62C-8523-4D6E-A776-9568F0650E3D}.Ad-Hoc|x86.ActiveCfg = Ad-Hoc|iPhone
		{BD6AC62C-8523-4D6E-A776-9568F0650E3D}.AppStore|Any CPU.ActiveCfg = AppStore|iPhoneSimulator
		{BD6AC62C-8523-4D6E-A776-9568F0650E3D}.AppStore|ARM.ActiveCfg = AppStore|iPhone
		{BD6AC62C-8523-4D6E-A776-9568F0650E3D}.AppStore|iPhone.ActiveCfg = AppStore|iPhone
		{BD6AC62C-8523-4D6E-A776-9568F0650E3D}.AppStore|iPhone.Build.0 = AppStore|iPhone
		{BD6AC62C-8523-4D6E-A776-9568F0650E3D}.AppStore|iPhoneSimulator.ActiveCfg = AppStore|iPhoneSimulator
		{BD6AC62C-8523-4D6E-A776-9568F0650E3D}.AppStore|iPhoneSimulator.Build.0 = AppStore|iPhoneSimulator
		{BD6AC62C-8523-4D6E-A776-9568F0650E3D}.AppStore|x64.ActiveCfg = AppStore|iPhone
		{BD6AC62C-8523-4D6E-A776-9568F0650E3D}.AppStore|x86.ActiveCfg = AppStore|iPhone
		{BD6AC62C-8523-4D6E-A776-9568F0650E3D}.Debug|Any CPU.ActiveCfg = Debug|iPhoneSimulator
		{BD6AC62C-8523-4D6E-A776-9568F0650E3D}.Debug|ARM.ActiveCfg = Debug|iPhone
		{BD6AC62C-8523-4D6E-A776-9568F0650E3D}.Debug|iPhone.ActiveCfg = Debug|iPhone
		{BD6AC62C-8523-4D6E-A776-9568F0650E3D}.Debug|iPhone.Build.0 = Debug|iPhone
		{BD6AC62C-8523-4D6E-A776-9568F0650E3D}.Debug|iPhoneSimulator.ActiveCfg = Debug|iPhoneSimulator
		{BD6AC62C-8523-4D6E-A776-9568F0650E3D}.Debug|iPhoneSimulator.Build.0 = Debug|iPhoneSimulator
		{BD6AC62C-8523-4D6E-A776-9568F0650E3D}.Debug|x64.ActiveCfg = Debug|iPhone
		{BD6AC62C-8523-4D6E-A776-9568F0650E3D}.Debug|x86.ActiveCfg = Debug|iPhone
		{BD6AC62C-8523-4D6E-A776-9568F0650E3D}.Release|Any CPU.ActiveCfg = Release|iPhoneSimulator
		{BD6AC62C-8523-4D6E-A776-9568F0650E3D}.Release|ARM.ActiveCfg = Release|iPhone
		{BD6AC62C-8523-4D6E-A776-9568F0650E3D}.Release|iPhone.ActiveCfg = Release|iPhone
		{BD6AC62C-8523-4D6E-A776-9568F0650E3D}.Release|iPhone.Build.0 = Release|iPhone
		{BD6AC62C-8523-4D6E-A776-9568F0650E3D}.Release|iPhoneSimulator.ActiveCfg = Release|iPhoneSimulator
		{BD6AC62C-8523-4D6E-A776-9568F0650E3D}.Release|iPhoneSimulator.Build.0 = Release|iPhoneSimulator
		{BD6AC62C-8523-4D6E-A776-9568F0650E3D}.Release|x64.ActiveCfg = Release|iPhone
		{BD6AC62C-8523-4D6E-A776-9568F0650E3D}.Release|x86.ActiveCfg = Release|iPhone
		{6FE738D2-251F-4785-90A6-FEDA8EB31BFD}.Ad-Hoc|Any CPU.ActiveCfg = Release|Any CPU
		{6FE738D2-251F-4785-90A6-FEDA8EB31BFD}.Ad-Hoc|Any CPU.Build.0 = Release|Any CPU
		{6FE738D2-251F-4785-90A6-FEDA8EB31BFD}.Ad-Hoc|ARM.ActiveCfg = Release|Any CPU
		{6FE738D2-251F-4785-90A6-FEDA8EB31BFD}.Ad-Hoc|ARM.Build.0 = Release|Any CPU
		{6FE738D2-251F-4785-90A6-FEDA8EB31BFD}.Ad-Hoc|iPhone.ActiveCfg = Release|Any CPU
		{6FE738D2-251F-4785-90A6-FEDA8EB31BFD}.Ad-Hoc|iPhone.Build.0 = Release|Any CPU
		{6FE738D2-251F-4785-90A6-FEDA8EB31BFD}.Ad-Hoc|iPhoneSimulator.ActiveCfg = Release|Any CPU
		{6FE738D2-251F-4785-90A6-FEDA8EB31BFD}.Ad-Hoc|iPhoneSimulator.Build.0 = Release|Any CPU
		{6FE738D2-251F-4785-90A6-FEDA8EB31BFD}.Ad-Hoc|x64.ActiveCfg = Release|Any CPU
		{6FE738D2-251F-4785-90A6-FEDA8EB31BFD}.Ad-Hoc|x64.Build.0 = Release|Any CPU
		{6FE738D2-251F-4785-90A6-FEDA8EB31BFD}.Ad-Hoc|x86.ActiveCfg = Release|Any CPU
		{6FE738D2-251F-4785-90A6-FEDA8EB31BFD}.Ad-Hoc|x86.Build.0 = Release|Any CPU
		{6FE738D2-251F-4785-90A6-FEDA8EB31BFD}.AppStore|Any CPU.ActiveCfg = Release|Any CPU
		{6FE738D2-251F-4785-90A6-FEDA8EB31BFD}.AppStore|Any CPU.Build.0 = Release|Any CPU
		{6FE738D2-251F-4785-90A6-FEDA8EB31BFD}.AppStore|ARM.ActiveCfg = Release|Any CPU
		{6FE738D2-251F-4785-90A6-FEDA8EB31BFD}.AppStore|ARM.Build.0 = Release|Any CPU
		{6FE738D2-251F-4785-90A6-FEDA8EB31BFD}.AppStore|iPhone.ActiveCfg = Release|Any CPU
		{6FE738D2-251F-4785-90A6-FEDA8EB31BFD}.AppStore|iPhone.Build.0 = Release|Any CPU
		{6FE738D2-251F-4785-90A6-FEDA8EB31BFD}.AppStore|iPhoneSimulator.ActiveCfg = Release|Any CPU
		{6FE738D2-251F-4785-90A6-FEDA8EB31BFD}.AppStore|iPhoneSimulator.Build.0 = Release|Any CPU
		{6FE738D2-251F-4785-90A6-FEDA8EB31BFD}.AppStore|x64.ActiveCfg = Release|Any CPU
		{6FE738D2-251F-4785-90A6-FEDA8EB31BFD}.AppStore|x64.Build.0 = Release|Any CPU
		{6FE738D2-251F-4785-90A6-FEDA8EB31BFD}.AppStore|x86.ActiveCfg = Release|Any CPU
		{6FE738D2-251F-4785-90A6-FEDA8EB31BFD}.AppStore|x86.Build.0 = Release|Any CPU
		{6FE738D2-251F-4785-90A6-FEDA8EB31BFD}.Debug|Any CPU.ActiveCfg = Debug|Any CPU
		{6FE738D2-251F-4785-90A6-FEDA8EB31BFD}.Debug|Any CPU.Build.0 = Debug|Any CPU
		{6FE738D2-251F-4785-90A6-FEDA8EB31BFD}.Debug|ARM.ActiveCfg = Debug|Any CPU
		{6FE738D2-251F-4785-90A6-FEDA8EB31BFD}.Debug|ARM.Build.0 = Debug|Any CPU
		{6FE738D2-251F-4785-90A6-FEDA8EB31BFD}.Debug|iPhone.ActiveCfg = Debug|Any CPU
		{6FE738D2-251F-4785-90A6-FEDA8EB31BFD}.Debug|iPhone.Build.0 = Debug|Any CPU
		{6FE738D2-251F-4785-90A6-FEDA8EB31BFD}.Debug|iPhoneSimulator.ActiveCfg = Debug|Any CPU
		{6FE738D2-251F-4785-90A6-FEDA8EB31BFD}.Debug|iPhoneSimulator.Build.0 = Debug|Any CPU
		{6FE738D2-251F-4785-90A6-FEDA8EB31BFD}.Debug|x64.ActiveCfg = Debug|Any CPU
		{6FE738D2-251F-4785-90A6-FEDA8EB31BFD}.Debug|x64.Build.0 = Debug|Any CPU
		{6FE738D2-251F-4785-90A6-FEDA8EB31BFD}.Debug|x86.ActiveCfg = Debug|Any CPU
		{6FE738D2-251F-4785-90A6-FEDA8EB31BFD}.Debug|x86.Build.0 = Debug|Any CPU
		{6FE738D2-251F-4785-90A6-FEDA8EB31BFD}.Release|Any CPU.ActiveCfg = Release|Any CPU
		{6FE738D2-251F-4785-90A6-FEDA8EB31BFD}.Release|Any CPU.Build.0 = Release|Any CPU
		{6FE738D2-251F-4785-90A6-FEDA8EB31BFD}.Release|ARM.ActiveCfg = Release|Any CPU
		{6FE738D2-251F-4785-90A6-FEDA8EB31BFD}.Release|ARM.Build.0 = Release|Any CPU
		{6FE738D2-251F-4785-90A6-FEDA8EB31BFD}.Release|iPhone.ActiveCfg = Release|Any CPU
		{6FE738D2-251F-4785-90A6-FEDA8EB31BFD}.Release|iPhone.Build.0 = Release|Any CPU
		{6FE738D2-251F-4785-90A6-FEDA8EB31BFD}.Release|iPhoneSimulator.ActiveCfg = Release|Any CPU
		{6FE738D2-251F-4785-90A6-FEDA8EB31BFD}.Release|iPhoneSimulator.Build.0 = Release|Any CPU
		{6FE738D2-251F-4785-90A6-FEDA8EB31BFD}.Release|x64.ActiveCfg = Release|Any CPU
		{6FE738D2-251F-4785-90A6-FEDA8EB31BFD}.Release|x64.Build.0 = Release|Any CPU
		{6FE738D2-251F-4785-90A6-FEDA8EB31BFD}.Release|x86.ActiveCfg = Release|Any CPU
		{6FE738D2-251F-4785-90A6-FEDA8EB31BFD}.Release|x86.Build.0 = Release|Any CPU
	EndGlobalSection
	GlobalSection(SolutionProperties) = preSolution
		HideSolutionNode = FALSE
	EndGlobalSection
	GlobalSection(ExtensibilityGlobals) = postSolution
		SolutionGuid = {930A76A4-EDA3-425A-8BF1-F8AC60B8EA35}
	EndGlobalSection
EndGlobal
